# THIS IS AN AUTOGENERATED FILE. DO NOT EDIT THIS FILE DIRECTLY.
# yarn lockfile v1


"@js-joda/core@3.2.0":
  version "3.2.0"
  resolved "https://registry.yarnpkg.com/@js-joda/core/-/core-3.2.0.tgz#3e61e21b7b2b8a6be746df1335cf91d70db2a273"
  integrity sha512-PMqgJ0sw5B7FKb2d5bWYIoxjri+QlW/Pys7+Rw82jSH0QN3rB05jZ/VrrsUdh1w4+i2kw9JOejXGq/KhDOX7Kg==

pako@3.0.1:
  version "3.0.1"
  resolved "https://registry.yarnpkg.com/pako/-/pako-3.0.1.tgz#3156f8fa86e3cc2ae5a36369475b14d4f05696ce"
  integrity sha512-GupotUUI0mlhugKjUs4bjOwLt3nrehy9Ys2dxC0GtgVef5cnKggkDMmf2bq2poCCuVXopWPmqsc9VDT2iJUy+w==
